{
  "version": 4,
  "terraform_version": "0.12.26",
  "serial": 14,
  "lineage": "5ae30775-c888-7788-d0e6-03a8778e2a8f",
  "outputs": {
    "resource_group_location": {
      "value": "westus",
      "type": "string"
    },
    "resource_group_name": {
      "value": "rg-udxmaestro-prod-westus-001",
      "type": "string"
    }
  },
  "resources": [
    {
      "mode": "data",
      "type": "azurerm_subscription",
      "name": "current",
      "provider": "provider.azurerm",
      "instances": [
        {
          "schema_version": 0,
          "attributes": {
            "display_name": "Visual Studio Professional Subscription",
            "id": "/subscriptions/52ec8630-a802-4b70-8376-1c7a34ac9a6f",
            "location_placement_id": "PublicAndIndia_2015-09-01",
            "quota_id": "MSDN_2014-09-01",
            "spending_limit": "On",
            "state": "Enabled",
            "subscription_id": "52ec8630-a802-4b70-8376-1c7a34ac9a6f",
            "tenant_id": "487753ef-8cf6-4960-ad5f-9ceb7b82fcd7",
            "timeouts": null
          }
        }
      ]
    },
    {
      "mode": "managed",
      "type": "azurerm_container_registry",
      "name": "acr",
      "provider": "provider.azurerm",
      "instances": [
        {
          "schema_version": 2,
          "attributes": {
            "admin_enabled": true,
            "admin_password": "on2o/Vhfe3LR+=uer/IfWnaE/7muNdjI",
            "admin_username": "acrprod68606",
            "georeplication_locations": null,
            "id": "/subscriptions/52ec8630-a802-4b70-8376-1c7a34ac9a6f/resourceGroups/rg-udxmaestro-prod-westus-001/providers/Microsoft.ContainerRegistry/registries/acrprod68606",
            "location": "westus",
            "login_server": "acrprod68606.azurecr.io",
            "name": "acrprod68606",
            "network_rule_set": [],
            "resource_group_name": "rg-udxmaestro-prod-westus-001",
            "sku": "Basic",
            "storage_account_id": null,
            "tags": {},
            "timeouts": null
          },
          "private": "eyJlMmJmYjczMC1lY2FhLTExZTYtOGY4OC0zNDM2M2JjN2M0YzAiOnsiY3JlYXRlIjoxODAwMDAwMDAwMDAwLCJkZWxldGUiOjE4MDAwMDAwMDAwMDAsInJlYWQiOjMwMDAwMDAwMDAwMCwidXBkYXRlIjoxODAwMDAwMDAwMDAwfSwic2NoZW1hX3ZlcnNpb24iOiIyIn0=",
          "dependencies": [
            "azurerm_resource_group.rg",
            "random_integer.rand"
          ]
        }
      ]
    },
    {
      "mode": "managed",
      "type": "azurerm_resource_group",
      "name": "rg",
      "provider": "provider.azurerm",
      "instances": [
        {
          "schema_version": 0,
          "attributes": {
            "id": "/subscriptions/52ec8630-a802-4b70-8376-1c7a34ac9a6f/resourceGroups/rg-udxmaestro-prod-westus-001",
            "location": "westus",
            "name": "rg-udxmaestro-prod-westus-001",
            "tags": {
              "Environment": "production",
              "Name": "production"
            },
            "timeouts": null
          },
          "private": "eyJlMmJmYjczMC1lY2FhLTExZTYtOGY4OC0zNDM2M2JjN2M0YzAiOnsiY3JlYXRlIjo1NDAwMDAwMDAwMDAwLCJkZWxldGUiOjU0MDAwMDAwMDAwMDAsInJlYWQiOjMwMDAwMDAwMDAwMCwidXBkYXRlIjo1NDAwMDAwMDAwMDAwfX0="
        }
      ]
    },
    {
      "mode": "managed",
      "type": "azurerm_role_assignment",
      "name": "acrpull_role",
      "provider": "provider.azurerm",
      "instances": [
        {
          "schema_version": 0,
          "attributes": {
            "id": "/subscriptions/52ec8630-a802-4b70-8376-1c7a34ac9a6f/resourceGroups/rg-udxmaestro-prod-westus-001/providers/Microsoft.ContainerRegistry/registries/acrprod68606/providers/Microsoft.Authorization/roleAssignments/7c574755-644b-f8f8-ae21-5f4c6c74aca6",
            "name": "7c574755-644b-f8f8-ae21-5f4c6c74aca6",
            "principal_id": "dcb77bf0-75b5-4f4c-87c6-954cffa79dd8",
            "principal_type": "ServicePrincipal",
            "role_definition_id": "/subscriptions/52ec8630-a802-4b70-8376-1c7a34ac9a6f/providers/Microsoft.Authorization/roleDefinitions/7f951dda-4ed3-4680-a7ca-43fe172d538d",
            "role_definition_name": "AcrPull",
            "scope": "/subscriptions/52ec8630-a802-4b70-8376-1c7a34ac9a6f/resourceGroups/rg-udxmaestro-prod-westus-001/providers/Microsoft.ContainerRegistry/registries/acrprod68606",
            "skip_service_principal_aad_check": true,
            "timeouts": null
          },
          "private": "eyJlMmJmYjczMC1lY2FhLTExZTYtOGY4OC0zNDM2M2JjN2M0YzAiOnsiY3JlYXRlIjoxODAwMDAwMDAwMDAwLCJkZWxldGUiOjE4MDAwMDAwMDAwMDAsInJlYWQiOjMwMDAwMDAwMDAwMCwidXBkYXRlIjoxODAwMDAwMDAwMDAwfX0=",
          "dependencies": [
            "azurerm_container_registry.acr"
          ]
        }
      ]
    },
    {
      "mode": "managed",
      "type": "azurerm_role_assignment",
      "name": "snetakscontributerole",
      "provider": "provider.azurerm",
      "instances": [
        {
          "schema_version": 0,
          "attributes": {
            "id": "/subscriptions/52ec8630-a802-4b70-8376-1c7a34ac9a6f/resourceGroups/rg-udxmaestro-prod-westus-001/providers/Microsoft.Network/virtualNetworks/vnet-prod-westus-001/providers/Microsoft.Authorization/roleAssignments/b247c4ef-ca36-a70c-ddaf-f9df6d66c579",
            "name": "b247c4ef-ca36-a70c-ddaf-f9df6d66c579",
            "principal_id": "dcb77bf0-75b5-4f4c-87c6-954cffa79dd8",
            "principal_type": "ServicePrincipal",
            "role_definition_id": "/subscriptions/52ec8630-a802-4b70-8376-1c7a34ac9a6f/providers/Microsoft.Authorization/roleDefinitions/b24988ac-6180-42a0-ab88-20f7382dd24c",
            "role_definition_name": "Contributor",
            "scope": "/subscriptions/52ec8630-a802-4b70-8376-1c7a34ac9a6f/resourceGroups/rg-udxmaestro-prod-westus-001/providers/Microsoft.Network/virtualNetworks/vnet-prod-westus-001",
            "skip_service_principal_aad_check": true,
            "timeouts": null
          },
          "private": "eyJlMmJmYjczMC1lY2FhLTExZTYtOGY4OC0zNDM2M2JjN2M0YzAiOnsiY3JlYXRlIjoxODAwMDAwMDAwMDAwLCJkZWxldGUiOjE4MDAwMDAwMDAwMDAsInJlYWQiOjMwMDAwMDAwMDAwMCwidXBkYXRlIjoxODAwMDAwMDAwMDAwfX0=",
          "dependencies": [
            "azurerm_virtual_network.aksvnet"
          ]
        }
      ]
    },
    {
      "mode": "managed",
      "type": "azurerm_subnet",
      "name": "snetaks",
      "provider": "provider.azurerm",
      "instances": [
        {
          "schema_version": 0,
          "attributes": {
            "address_prefix": "30.0.0.0/21",
            "address_prefixes": [
              "30.0.0.0/21"
            ],
            "delegation": [],
            "enforce_private_link_endpoint_network_policies": false,
            "enforce_private_link_service_network_policies": false,
            "id": "/subscriptions/52ec8630-a802-4b70-8376-1c7a34ac9a6f/resourceGroups/rg-udxmaestro-prod-westus-001/providers/Microsoft.Network/virtualNetworks/vnet-prod-westus-001/subnets/snet-aks-prod-westus-001",
            "name": "snet-aks-prod-westus-001",
            "resource_group_name": "rg-udxmaestro-prod-westus-001",
            "service_endpoints": [],
            "timeouts": null,
            "virtual_network_name": "vnet-prod-westus-001"
          },
          "private": "eyJlMmJmYjczMC1lY2FhLTExZTYtOGY4OC0zNDM2M2JjN2M0YzAiOnsiY3JlYXRlIjoxODAwMDAwMDAwMDAwLCJkZWxldGUiOjE4MDAwMDAwMDAwMDAsInJlYWQiOjMwMDAwMDAwMDAwMCwidXBkYXRlIjoxODAwMDAwMDAwMDAwfX0=",
          "dependencies": [
            "azurerm_resource_group.rg",
            "azurerm_virtual_network.aksvnet"
          ]
        }
      ]
    },
    {
      "mode": "managed",
      "type": "azurerm_subnet",
      "name": "snetjenkins",
      "provider": "provider.azurerm",
      "instances": [
        {
          "schema_version": 0,
          "attributes": {
            "address_prefix": "30.0.30.0/28",
            "address_prefixes": [
              "30.0.30.0/28"
            ],
            "delegation": [],
            "enforce_private_link_endpoint_network_policies": false,
            "enforce_private_link_service_network_policies": false,
            "id": "/subscriptions/52ec8630-a802-4b70-8376-1c7a34ac9a6f/resourceGroups/rg-udxmaestro-prod-westus-001/providers/Microsoft.Network/virtualNetworks/vnet-prod-westus-001/subnets/snet-jenkins-prod-westus-001",
            "name": "snet-jenkins-prod-westus-001",
            "resource_group_name": "rg-udxmaestro-prod-westus-001",
            "service_endpoints": [],
            "timeouts": null,
            "virtual_network_name": "vnet-prod-westus-001"
          },
          "private": "eyJlMmJmYjczMC1lY2FhLTExZTYtOGY4OC0zNDM2M2JjN2M0YzAiOnsiY3JlYXRlIjoxODAwMDAwMDAwMDAwLCJkZWxldGUiOjE4MDAwMDAwMDAwMDAsInJlYWQiOjMwMDAwMDAwMDAwMCwidXBkYXRlIjoxODAwMDAwMDAwMDAwfX0=",
          "dependencies": [
            "azurerm_resource_group.rg",
            "azurerm_virtual_network.aksvnet"
          ]
        }
      ]
    },
    {
      "mode": "managed",
      "type": "azurerm_virtual_network",
      "name": "aksvnet",
      "provider": "provider.azurerm",
      "instances": [
        {
          "schema_version": 0,
          "attributes": {
            "address_space": [
              "30.0.0.0/16"
            ],
            "ddos_protection_plan": [],
            "dns_servers": [],
            "guid": "c5754ede-2bd1-404a-9c33-e6739c51171a",
            "id": "/subscriptions/52ec8630-a802-4b70-8376-1c7a34ac9a6f/resourceGroups/rg-udxmaestro-prod-westus-001/providers/Microsoft.Network/virtualNetworks/vnet-prod-westus-001",
            "location": "westus",
            "name": "vnet-prod-westus-001",
            "resource_group_name": "rg-udxmaestro-prod-westus-001",
            "subnet": [
              {
                "address_prefix": "30.0.0.0/21",
                "id": "/subscriptions/52ec8630-a802-4b70-8376-1c7a34ac9a6f/resourceGroups/rg-udxmaestro-prod-westus-001/providers/Microsoft.Network/virtualNetworks/vnet-prod-westus-001/subnets/snet-aks-prod-westus-001",
                "name": "snet-aks-prod-westus-001",
                "security_group": ""
              },
              {
                "address_prefix": "30.0.30.0/28",
                "id": "/subscriptions/52ec8630-a802-4b70-8376-1c7a34ac9a6f/resourceGroups/rg-udxmaestro-prod-westus-001/providers/Microsoft.Network/virtualNetworks/vnet-prod-westus-001/subnets/snet-jenkins-prod-westus-001",
                "name": "snet-jenkins-prod-westus-001",
                "security_group": ""
              }
            ],
            "tags": {},
            "timeouts": null
          },
          "private": "eyJlMmJmYjczMC1lY2FhLTExZTYtOGY4OC0zNDM2M2JjN2M0YzAiOnsiY3JlYXRlIjoxODAwMDAwMDAwMDAwLCJkZWxldGUiOjE4MDAwMDAwMDAwMDAsInJlYWQiOjMwMDAwMDAwMDAwMCwidXBkYXRlIjoxODAwMDAwMDAwMDAwfX0=",
          "dependencies": [
            "azurerm_resource_group.rg"
          ]
        }
      ]
    },
    {
      "mode": "managed",
      "type": "random_integer",
      "name": "rand",
      "provider": "provider.random",
      "instances": [
        {
          "schema_version": 0,
          "attributes": {
            "id": "68606",
            "keepers": null,
            "max": 99999,
            "min": 10000,
            "result": 68606,
            "seed": null
          },
          "private": "bnVsbA=="
        }
      ]
    }
  ]
}
